
Microsoft Visual Studio Solution File, Format Version 12.00
# Visual Studio Version 16
VisualStudioVersion = 16.0.29409.12
MinimumVisualStudioVersion = 10.0.40219.1
Project("{FAE04EC0-301F-11D3-BF4B-00C04F79EFBC}") = "EAtoTFSConverter", "EAtoTFSConverter\EAtoTFSConverter.csproj", "{366CE67F-3A18-481B-9640-C7AB65186DF4}"
EndProject
Project("{FAE04EC0-301F-11D3-BF4B-00C04F79EFBC}") = "EAtoTFSConverter.Tests", "EAtoTFSConverter.Tests\EAtoTFSConverter.Tests.csproj", "{330B9BDD-684E-4353-B012-AA531AEC6769}"
EndProject
Global
	GlobalSection(SolutionConfigurationPlatforms) = preSolution
		Debug|Any CPU = Debug|Any CPU
		Release|Any CPU = Release|Any CPU
	EndGlobalSection
	GlobalSection(ProjectConfigurationPlatforms) = postSolution
		{366CE67F-3A18-481B-9640-C7AB65186DF4}.Debug|Any CPU.ActiveCfg = Debug|Any CPU
		{366CE67F-3A18-481B-9640-C7AB65186DF4}.Debug|Any CPU.Build.0 = Debug|Any CPU
		{366CE67F-3A18-481B-9640-C7AB65186DF4}.Release|Any CPU.ActiveCfg = Release|Any CPU
		{366CE67F-3A18-481B-9640-C7AB65186DF4}.Release|Any CPU.Build.0 = Release|Any CPU
		{330B9BDD-684E-4353-B012-AA531AEC6769}.Debug|Any CPU.ActiveCfg = Debug|Any CPU
		{330B9BDD-684E-4353-B012-AA531AEC6769}.Debug|Any CPU.Build.0 = Debug|Any CPU
		{330B9BDD-684E-4353-B012-AA531AEC6769}.Release|Any CPU.ActiveCfg = Release|Any CPU
		{330B9BDD-684E-4353-B012-AA531AEC6769}.Release|Any CPU.Build.0 = Release|Any CPU
	EndGlobalSection
	GlobalSection(SolutionProperties) = preSolution
		HideSolutionNode = FALSE
	EndGlobalSection
	GlobalSection(ExtensibilityGlobals) = postSolution
		SolutionGuid = {94BB7035-623D-4C54-B7AC-809F92AA40A2}
	EndGlobalSection
EndGlobal
